
Microsoft Visual Studio Solution File, Format Version 12.00
# Visual Studio Version 17
VisualStudioVersion = 17.0.31903.59
MinimumVisualStudioVersion = 10.0.40219.1
Project("{FAE04EC0-301F-11D3-BF4B-00C04F79EFBC}") = "WebAntDVue", "WebAntDVue\WebAntDVue.csproj", "{6E8ED646-CA43-43A4-9C03-84977BE5C13E}"
EndProject
Global
	GlobalSection(SolutionConfigurationPlatforms) = preSolution
		Debug|Any CPU = Debug|Any CPU
		Release|Any CPU = Release|Any CPU
	EndGlobalSection
	GlobalSection(ProjectConfigurationPlatforms) = postSolution
		{6E8ED646-CA43-43A4-9C03-84977BE5C13E}.Debug|Any CPU.ActiveCfg = Debug|Any CPU
		{6E8ED646-CA43-43A4-9C03-84977BE5C13E}.Debug|Any CPU.Build.0 = Debug|Any CPU
		{6E8ED646-CA43-43A4-9C03-84977BE5C13E}.Release|Any CPU.ActiveCfg = Release|Any CPU
		{6E8ED646-CA43-43A4-9C03-84977BE5C13E}.Release|Any CPU.Build.0 = Release|Any CPU
	EndGlobalSection
	GlobalSection(SolutionProperties) = preSolution
		HideSolutionNode = FALSE
	EndGlobalSection
	GlobalSection(ExtensibilityGlobals) = postSolution
		SolutionGuid = {191360A5-35EE-4BF9-936F-8943147F66FE}
	EndGlobalSection
EndGlobal
